
Microsoft Visual Studio Solution File, Format Version 12.00
# Visual Studio Version 16
VisualStudioVersion = 16.0.29613.14
MinimumVisualStudioVersion = 10.0.40219.1
Project("{FAE04EC0-301F-11D3-BF4B-00C04F79EFBC}") = "reposit", "reposit\reposit.csproj", "{9AB1D7D9-B412-4B93-AB44-64F359CC69E0}"
EndProject
Global
	GlobalSection(SolutionConfigurationPlatforms) = preSolution
		Debug|Any CPU = Debug|Any CPU
		Release|Any CPU = Release|Any CPU
	EndGlobalSection
	GlobalSection(ProjectConfigurationPlatforms) = postSolution
		{9AB1D7D9-B412-4B93-AB44-64F359CC69E0}.Debug|Any CPU.ActiveCfg = Debug|Any CPU
		{9AB1D7D9-B412-4B93-AB44-64F359CC69E0}.Debug|Any CPU.Build.0 = Debug|Any CPU
		{9AB1D7D9-B412-4B93-AB44-64F359CC69E0}.Release|Any CPU.ActiveCfg = Release|Any CPU
		{9AB1D7D9-B412-4B93-AB44-64F359CC69E0}.Release|Any CPU.Build.0 = Release|Any CPU
	EndGlobalSection
	GlobalSection(SolutionProperties) = preSolution
		HideSolutionNode = FALSE
	EndGlobalSection
	GlobalSection(ExtensibilityGlobals) = postSolution
		SolutionGuid = {00FF127A-B539-4940-BA5F-418308292022}
	EndGlobalSection
EndGlobal
